
Microsoft Visual Studio Solution File, Format Version 12.00
# Visual Studio Version 17
VisualStudioVersion = 17.0.31903.59
MinimumVisualStudioVersion = 10.0.40219.1
Project("{9A19103F-16F7-4668-BE54-9A1E7A4F7556}") = "ClassBasics", "ClassBasics\ClassBasics.csproj", "{2EB6D8C9-91BD-466D-A5B7-A974154FD253}"
EndProject
Project("{9A19103F-16F7-4668-BE54-9A1E7A4F7556}") = "Function", "Function\Function.csproj", "{5E0D9CB2-6B2F-4ABF-98E1-E0BF818637AA}"
EndProject
Project("{9A19103F-16F7-4668-BE54-9A1E7A4F7556}") = "FieldsAndProperties", "FieldsAndProperties\FieldsAndProperties.csproj", "{78CA5318-A9E0-4EEB-98AE-51D1C7BAD940}"
EndProject
Project("{9A19103F-16F7-4668-BE54-9A1E7A4F7556}") = "Task_Day1", "Task_Day1\Task_Day1.csproj", "{46FFB2BF-FBF0-4A43-8D06-DF93D09BEE46}"
EndProject
Project("{FAE04EC0-301F-11D3-BF4B-00C04F79EFBC}") = "Task1_day1_repeat", "Task1_day1_repeat\Task1_day1_repeat.csproj", "{4B42DDB9-593E-40F0-9079-13950A25CD6C}"
EndProject
Global
	GlobalSection(SolutionConfigurationPlatforms) = preSolution
		Debug|Any CPU = Debug|Any CPU
		Release|Any CPU = Release|Any CPU
	EndGlobalSection
	GlobalSection(ProjectConfigurationPlatforms) = postSolution
		{2EB6D8C9-91BD-466D-A5B7-A974154FD253}.Debug|Any CPU.ActiveCfg = Debug|Any CPU
		{2EB6D8C9-91BD-466D-A5B7-A974154FD253}.Debug|Any CPU.Build.0 = Debug|Any CPU
		{2EB6D8C9-91BD-466D-A5B7-A974154FD253}.Release|Any CPU.ActiveCfg = Release|Any CPU
		{2EB6D8C9-91BD-466D-A5B7-A974154FD253}.Release|Any CPU.Build.0 = Release|Any CPU
		{5E0D9CB2-6B2F-4ABF-98E1-E0BF818637AA}.Debug|Any CPU.ActiveCfg = Debug|Any CPU
		{5E0D9CB2-6B2F-4ABF-98E1-E0BF818637AA}.Debug|Any CPU.Build.0 = Debug|Any CPU
		{5E0D9CB2-6B2F-4ABF-98E1-E0BF818637AA}.Release|Any CPU.ActiveCfg = Release|Any CPU
		{5E0D9CB2-6B2F-4ABF-98E1-E0BF818637AA}.Release|Any CPU.Build.0 = Release|Any CPU
		{78CA5318-A9E0-4EEB-98AE-51D1C7BAD940}.Debug|Any CPU.ActiveCfg = Debug|Any CPU
		{78CA5318-A9E0-4EEB-98AE-51D1C7BAD940}.Debug|Any CPU.Build.0 = Debug|Any CPU
		{78CA5318-A9E0-4EEB-98AE-51D1C7BAD940}.Release|Any CPU.ActiveCfg = Release|Any CPU
		{78CA5318-A9E0-4EEB-98AE-51D1C7BAD940}.Release|Any CPU.Build.0 = Release|Any CPU
		{46FFB2BF-FBF0-4A43-8D06-DF93D09BEE46}.Debug|Any CPU.ActiveCfg = Debug|Any CPU
		{46FFB2BF-FBF0-4A43-8D06-DF93D09BEE46}.Debug|Any CPU.Build.0 = Debug|Any CPU
		{46FFB2BF-FBF0-4A43-8D06-DF93D09BEE46}.Release|Any CPU.ActiveCfg = Release|Any CPU
		{46FFB2BF-FBF0-4A43-8D06-DF93D09BEE46}.Release|Any CPU.Build.0 = Release|Any CPU
		{4B42DDB9-593E-40F0-9079-13950A25CD6C}.Debug|Any CPU.ActiveCfg = Debug|Any CPU
		{4B42DDB9-593E-40F0-9079-13950A25CD6C}.Debug|Any CPU.Build.0 = Debug|Any CPU
		{4B42DDB9-593E-40F0-9079-13950A25CD6C}.Release|Any CPU.ActiveCfg = Release|Any CPU
		{4B42DDB9-593E-40F0-9079-13950A25CD6C}.Release|Any CPU.Build.0 = Release|Any CPU
	EndGlobalSection
	GlobalSection(SolutionProperties) = preSolution
		HideSolutionNode = FALSE
	EndGlobalSection
	GlobalSection(ExtensibilityGlobals) = postSolution
		SolutionGuid = {ACC8571F-0A80-4174-9E49-70C60DFD1AD2}
	EndGlobalSection
EndGlobal
